
Microsoft Visual Studio Solution File, Format Version 12.00
# Visual Studio 14
VisualStudioVersion = 14.0.25420.1
MinimumVisualStudioVersion = 10.0.40219.1
Project("{FAE04EC0-301F-11D3-BF4B-00C04F79EFBC}") = "Ifp.Analyzers", "Ifp.Analyzers\Ifp.Analyzers\Ifp.Analyzers.csproj", "{78CCCD0E-CF7E-4836-950D-3E91B0D95A48}"
EndProject
Project("{FAE04EC0-301F-11D3-BF4B-00C04F79EFBC}") = "Ifp.Analyzers.Test", "Ifp.Analyzers\Ifp.Analyzers.Test\Ifp.Analyzers.Test.csproj", "{CA824697-6A44-4BDD-AB90-FF63C88686EB}"
EndProject
Project("{FAE04EC0-301F-11D3-BF4B-00C04F79EFBC}") = "Ifp.Analyzers.Vsix", "Ifp.Analyzers\Ifp.Analyzers.Vsix\Ifp.Analyzers.Vsix.csproj", "{0A93D669-2091-4E2F-B932-C923771D281E}"
EndProject
Global
	GlobalSection(SolutionConfigurationPlatforms) = preSolution
		Debug|Any CPU = Debug|Any CPU
		Release|Any CPU = Release|Any CPU
	EndGlobalSection
	GlobalSection(ProjectConfigurationPlatforms) = postSolution
		{78CCCD0E-CF7E-4836-950D-3E91B0D95A48}.Debug|Any CPU.ActiveCfg = Debug|Any CPU
		{78CCCD0E-CF7E-4836-950D-3E91B0D95A48}.Debug|Any CPU.Build.0 = Debug|Any CPU
		{78CCCD0E-CF7E-4836-950D-3E91B0D95A48}.Release|Any CPU.ActiveCfg = Release|Any CPU
		{78CCCD0E-CF7E-4836-950D-3E91B0D95A48}.Release|Any CPU.Build.0 = Release|Any CPU
		{CA824697-6A44-4BDD-AB90-FF63C88686EB}.Debug|Any CPU.ActiveCfg = Debug|Any CPU
		{CA824697-6A44-4BDD-AB90-FF63C88686EB}.Debug|Any CPU.Build.0 = Debug|Any CPU
		{CA824697-6A44-4BDD-AB90-FF63C88686EB}.Release|Any CPU.ActiveCfg = Release|Any CPU
		{CA824697-6A44-4BDD-AB90-FF63C88686EB}.Release|Any CPU.Build.0 = Release|Any CPU
		{0A93D669-2091-4E2F-B932-C923771D281E}.Debug|Any CPU.ActiveCfg = Debug|Any CPU
		{0A93D669-2091-4E2F-B932-C923771D281E}.Debug|Any CPU.Build.0 = Debug|Any CPU
		{0A93D669-2091-4E2F-B932-C923771D281E}.Release|Any CPU.ActiveCfg = Release|Any CPU
		{0A93D669-2091-4E2F-B932-C923771D281E}.Release|Any CPU.Build.0 = Release|Any CPU
	EndGlobalSection
	GlobalSection(SolutionProperties) = preSolution
		HideSolutionNode = FALSE
	EndGlobalSection
EndGlobal
